
Microsoft Visual Studio Solution File, Format Version 12.00
# Visual Studio Version 17
VisualStudioVersion = 17.4.33110.190
MinimumVisualStudioVersion = 10.0.40219.1
Project("{FAE04EC0-301F-11D3-BF4B-00C04F79EFBC}") = "SignalRChatProject", "SignalRChatProject\SignalRChatProject.csproj", "{4EDFCBBA-B689-4953-A511-1699F426EF8F}"
EndProject
Global
	GlobalSection(SolutionConfigurationPlatforms) = preSolution
		Debug|Any CPU = Debug|Any CPU
		Release|Any CPU = Release|Any CPU
	EndGlobalSection
	GlobalSection(ProjectConfigurationPlatforms) = postSolution
		{4EDFCBBA-B689-4953-A511-1699F426EF8F}.Debug|Any CPU.ActiveCfg = Debug|Any CPU
		{4EDFCBBA-B689-4953-A511-1699F426EF8F}.Debug|Any CPU.Build.0 = Debug|Any CPU
		{4EDFCBBA-B689-4953-A511-1699F426EF8F}.Release|Any CPU.ActiveCfg = Release|Any CPU
		{4EDFCBBA-B689-4953-A511-1699F426EF8F}.Release|Any CPU.Build.0 = Release|Any CPU
	EndGlobalSection
	GlobalSection(SolutionProperties) = preSolution
		HideSolutionNode = FALSE
	EndGlobalSection
	GlobalSection(ExtensibilityGlobals) = postSolution
		SolutionGuid = {7BC81EC3-4EE6-474B-9499-41DB54836ABE}
	EndGlobalSection
EndGlobal
